
Microsoft Visual Studio Solution File, Format Version 12.00
# Visual Studio 15
VisualStudioVersion = 15.0.26730.16
MinimumVisualStudioVersion = 10.0.40219.1
Project("{FAE04EC0-301F-11D3-BF4B-00C04F79EFBC}") = "forvoAudioJishoYomikataScrape", "forvoAudioScrape\forvoAudioJishoYomikataScrape.csproj", "{B6C4799E-8D3E-4874-A5B0-EA02DDDD6970}"
EndProject
Global
	GlobalSection(SolutionConfigurationPlatforms) = preSolution
		Debug|Any CPU = Debug|Any CPU
		Release|Any CPU = Release|Any CPU
	EndGlobalSection
	GlobalSection(ProjectConfigurationPlatforms) = postSolution
		{B6C4799E-8D3E-4874-A5B0-EA02DDDD6970}.Debug|Any CPU.ActiveCfg = Debug|Any CPU
		{B6C4799E-8D3E-4874-A5B0-EA02DDDD6970}.Debug|Any CPU.Build.0 = Debug|Any CPU
		{B6C4799E-8D3E-4874-A5B0-EA02DDDD6970}.Release|Any CPU.ActiveCfg = Release|Any CPU
		{B6C4799E-8D3E-4874-A5B0-EA02DDDD6970}.Release|Any CPU.Build.0 = Release|Any CPU
	EndGlobalSection
	GlobalSection(SolutionProperties) = preSolution
		HideSolutionNode = FALSE
	EndGlobalSection
	GlobalSection(ExtensibilityGlobals) = postSolution
		SolutionGuid = {DE85CDC4-C799-41FF-8CC2-02A6BB7C8C03}
	EndGlobalSection
EndGlobal
